
Microsoft Visual Studio Solution File, Format Version 12.00
# Visual Studio 15
VisualStudioVersion = 15.0.27004.2010
MinimumVisualStudioVersion = 10.0.40219.1
Project("{9A19103F-16F7-4668-BE54-9A1E7A4F7556}") = "RawRabbit.AspNet.Sample", "RawRabbit.AspNet.Sample\RawRabbit.AspNet.Sample.csproj", "{B96FC56E-64DA-4AB3-85B2-1282FD7C637B}"
EndProject
Project("{9A19103F-16F7-4668-BE54-9A1E7A4F7556}") = "RawRabbit.ConsoleApp.Sample", "RawRabbit.ConsoleApp.Sample\RawRabbit.ConsoleApp.Sample.csproj", "{D68A44D8-2BE1-402E-94E9-5AF747ABCEA2}"
EndProject
Project("{9A19103F-16F7-4668-BE54-9A1E7A4F7556}") = "RawRabbit.Messages.Sample", "RawRabbit.Messages.Sample\RawRabbit.Messages.Sample.csproj", "{75B631D2-AF5B-44DF-B01A-489FE64D2797}"
EndProject
Project("{FAE04EC0-301F-11D3-BF4B-00C04F79EFBC}") = "EasyNetQ.Server", "EasyNetQ.Server\EasyNetQ.Server.csproj", "{23D17142-576E-46A3-816C-E689C2A2CA68}"
EndProject
Project("{FAE04EC0-301F-11D3-BF4B-00C04F79EFBC}") = "EasyNetQ.Client", "EasyNetQ.Client\EasyNetQ.Client.csproj", "{376D0151-8A93-4E1F-BAEE-32D9BEA7645D}"
EndProject
Global
	GlobalSection(SolutionConfigurationPlatforms) = preSolution
		Debug|Any CPU = Debug|Any CPU
		Release|Any CPU = Release|Any CPU
	EndGlobalSection
	GlobalSection(ProjectConfigurationPlatforms) = postSolution
		{B96FC56E-64DA-4AB3-85B2-1282FD7C637B}.Debug|Any CPU.ActiveCfg = Debug|Any CPU
		{B96FC56E-64DA-4AB3-85B2-1282FD7C637B}.Debug|Any CPU.Build.0 = Debug|Any CPU
		{B96FC56E-64DA-4AB3-85B2-1282FD7C637B}.Release|Any CPU.ActiveCfg = Release|Any CPU
		{B96FC56E-64DA-4AB3-85B2-1282FD7C637B}.Release|Any CPU.Build.0 = Release|Any CPU
		{D68A44D8-2BE1-402E-94E9-5AF747ABCEA2}.Debug|Any CPU.ActiveCfg = Debug|Any CPU
		{D68A44D8-2BE1-402E-94E9-5AF747ABCEA2}.Debug|Any CPU.Build.0 = Debug|Any CPU
		{D68A44D8-2BE1-402E-94E9-5AF747ABCEA2}.Release|Any CPU.ActiveCfg = Release|Any CPU
		{D68A44D8-2BE1-402E-94E9-5AF747ABCEA2}.Release|Any CPU.Build.0 = Release|Any CPU
		{75B631D2-AF5B-44DF-B01A-489FE64D2797}.Debug|Any CPU.ActiveCfg = Debug|Any CPU
		{75B631D2-AF5B-44DF-B01A-489FE64D2797}.Debug|Any CPU.Build.0 = Debug|Any CPU
		{75B631D2-AF5B-44DF-B01A-489FE64D2797}.Release|Any CPU.ActiveCfg = Release|Any CPU
		{75B631D2-AF5B-44DF-B01A-489FE64D2797}.Release|Any CPU.Build.0 = Release|Any CPU
		{23D17142-576E-46A3-816C-E689C2A2CA68}.Debug|Any CPU.ActiveCfg = Debug|Any CPU
		{23D17142-576E-46A3-816C-E689C2A2CA68}.Debug|Any CPU.Build.0 = Debug|Any CPU
		{23D17142-576E-46A3-816C-E689C2A2CA68}.Release|Any CPU.ActiveCfg = Release|Any CPU
		{23D17142-576E-46A3-816C-E689C2A2CA68}.Release|Any CPU.Build.0 = Release|Any CPU
		{376D0151-8A93-4E1F-BAEE-32D9BEA7645D}.Debug|Any CPU.ActiveCfg = Debug|Any CPU
		{376D0151-8A93-4E1F-BAEE-32D9BEA7645D}.Debug|Any CPU.Build.0 = Debug|Any CPU
		{376D0151-8A93-4E1F-BAEE-32D9BEA7645D}.Release|Any CPU.ActiveCfg = Release|Any CPU
		{376D0151-8A93-4E1F-BAEE-32D9BEA7645D}.Release|Any CPU.Build.0 = Release|Any CPU
	EndGlobalSection
	GlobalSection(SolutionProperties) = preSolution
		HideSolutionNode = FALSE
	EndGlobalSection
	GlobalSection(ExtensibilityGlobals) = postSolution
		SolutionGuid = {3D57E322-3ED2-4AC7-812C-ADE245563071}
	EndGlobalSection
EndGlobal
